
Microsoft Visual Studio Solution File, Format Version 12.00
# Visual Studio Version 17
VisualStudioVersion = 17.14.37710.0
MinimumVisualStudioVersion = 10.0.40219.1
Project("{FAE04EC0-301F-11D3-BF4B-00C04F79EFBC}") = "PetHouse.web", "PetHouse.web\PetHouse.web.csproj", "{B394F344-50E3-4221-9BC5-88005A5DBF3D}"
EndProject
Project("{FAE04EC0-301F-11D3-BF4B-00C04F79EFBC}") = "PetHouse.Application", "PetHouse.Application\PetHouse.Application.csproj", "{71DFCB17-236E-47EA-BF0F-ED8AD3A417CC}"
EndProject
Project("{FAE04EC0-301F-11D3-BF4B-00C04F79EFBC}") = "PetHouse.Infraestructure", "PetHouse.Infraestructure\PetHouse.Infraestructure.csproj", "{6D739898-CFC0-4233-8ABF-D2B6A0D196A7}"
EndProject
Project("{2150E333-8FDC-42A3-9474-1A3956D46DE8}") = "Elementos de la solución", "Elementos de la solución", "{D107F4C8-89CC-BEA8-D3D7-CA6B7733353D}"
	ProjectSection(SolutionItems) = preProject
		.gitignore = .gitignore
	EndProjectSection
EndProject
Project("{FAE04EC0-301F-11D3-BF4B-00C04F79EFBC}") = "PetHouse.WebAPI", "PetHouse.WebAPI\PetHouse.WebAPI.csproj", "{8D256C8C-F0EB-40FE-B758-F53951F3B73E}"
EndProject
Global
	GlobalSection(SolutionConfigurationPlatforms) = preSolution
		Debug|Any CPU = Debug|Any CPU
		Release|Any CPU = Release|Any CPU
	EndGlobalSection
	GlobalSection(ProjectConfigurationPlatforms) = postSolution
		{B394F344-50E3-4221-9BC5-88005A5DBF3D}.Debug|Any CPU.ActiveCfg = Debug|Any CPU
		{B394F344-50E3-4221-9BC5-88005A5DBF3D}.Debug|Any CPU.Build.0 = Debug|Any CPU
		{B394F344-50E3-4221-9BC5-88005A5DBF3D}.Release|Any CPU.ActiveCfg = Release|Any CPU
		{B394F344-50E3-4221-9BC5-88005A5DBF3D}.Release|Any CPU.Build.0 = Release|Any CPU
		{71DFCB17-236E-47EA-BF0F-ED8AD3A417CC}.Debug|Any CPU.ActiveCfg = Debug|Any CPU
		{71DFCB17-236E-47EA-BF0F-ED8AD3A417CC}.Debug|Any CPU.Build.0 = Debug|Any CPU
		{71DFCB17-236E-47EA-BF0F-ED8AD3A417CC}.Release|Any CPU.ActiveCfg = Release|Any CPU
		{71DFCB17-236E-47EA-BF0F-ED8AD3A417CC}.Release|Any CPU.Build.0 = Release|Any CPU
		{6D739898-CFC0-4233-8ABF-D2B6A0D196A7}.Debug|Any CPU.ActiveCfg = Debug|Any CPU
		{6D739898-CFC0-4233-8ABF-D2B6A0D196A7}.Debug|Any CPU.Build.0 = Debug|Any CPU
		{6D739898-CFC0-4233-8ABF-D2B6A0D196A7}.Release|Any CPU.ActiveCfg = Release|Any CPU
		{6D739898-CFC0-4233-8ABF-D2B6A0D196A7}.Release|Any CPU.Build.0 = Release|Any CPU
		{8D256C8C-F0EB-40FE-B758-F53951F3B73E}.Debug|Any CPU.ActiveCfg = Debug|Any CPU
		{8D256C8C-F0EB-40FE-B758-F53951F3B73E}.Debug|Any CPU.Build.0 = Debug|Any CPU
		{8D256C8C-F0EB-40FE-B758-F53951F3B73E}.Release|Any CPU.ActiveCfg = Release|Any CPU
		{8D256C8C-F0EB-40FE-B758-F53951F3B73E}.Release|Any CPU.Build.0 = Release|Any CPU
	EndGlobalSection
	GlobalSection(SolutionProperties) = preSolution
		HideSolutionNode = FALSE
	EndGlobalSection
	GlobalSection(ExtensibilityGlobals) = postSolution
		SolutionGuid = {357D1E74-D531-4685-BC71-F4E72FE261DA}
	EndGlobalSection
EndGlobal
